
Microsoft Visual Studio Solution File, Format Version 12.00
# Visual Studio 15
VisualStudioVersion = 15.0.27130.2026
MinimumVisualStudioVersion = 10.0.40219.1
Project("{FAE04EC0-301F-11D3-BF4B-00C04F79EFBC}") = "CodeFirstNewDatabaseSample", "CodeFirstNewDatabaseSample\CodeFirstNewDatabaseSample.csproj", "{06AA5FC6-E771-4904-AC95-CF8A48EC6E07}"
EndProject
Global
	GlobalSection(SolutionConfigurationPlatforms) = preSolution
		Debug|Any CPU = Debug|Any CPU
		Release|Any CPU = Release|Any CPU
	EndGlobalSection
	GlobalSection(ProjectConfigurationPlatforms) = postSolution
		{06AA5FC6-E771-4904-AC95-CF8A48EC6E07}.Debug|Any CPU.ActiveCfg = Debug|Any CPU
		{06AA5FC6-E771-4904-AC95-CF8A48EC6E07}.Debug|Any CPU.Build.0 = Debug|Any CPU
		{06AA5FC6-E771-4904-AC95-CF8A48EC6E07}.Release|Any CPU.ActiveCfg = Release|Any CPU
		{06AA5FC6-E771-4904-AC95-CF8A48EC6E07}.Release|Any CPU.Build.0 = Release|Any CPU
	EndGlobalSection
	GlobalSection(SolutionProperties) = preSolution
		HideSolutionNode = FALSE
	EndGlobalSection
	GlobalSection(ExtensibilityGlobals) = postSolution
		SolutionGuid = {63F197BF-7E81-4DCF-86FA-42159CCD4CF2}
	EndGlobalSection
EndGlobal
